
Microsoft Visual Studio Solution File, Format Version 12.00
# Visual Studio Version 16
VisualStudioVersion = 16.0.28803.352
MinimumVisualStudioVersion = 10.0.40219.1
Project("{FAE04EC0-301F-11D3-BF4B-00C04F79EFBC}") = "AnalisisMedico", "AnalisisMedico\AnalisisMedico.csproj", "{26D843F1-4352-46F2-A711-6BEF90369CD4}"
EndProject
Project("{FAE04EC0-301F-11D3-BF4B-00C04F79EFBC}") = "BLL", "BLL\BLL.csproj", "{9048BA89-A959-4D2D-BEB0-6DD4EB68A24F}"
EndProject
Project("{FAE04EC0-301F-11D3-BF4B-00C04F79EFBC}") = "DAL", "DAL\DAL.csproj", "{6D9B4E60-5B8E-42E7-A635-CCBA604F6E4A}"
EndProject
Project("{FAE04EC0-301F-11D3-BF4B-00C04F79EFBC}") = "Entidades", "Entidades\Entidades.csproj", "{72E7F4E0-353A-47DD-8D51-65326414D4C5}"
EndProject
Global
	GlobalSection(SolutionConfigurationPlatforms) = preSolution
		Debug|Any CPU = Debug|Any CPU
		Release|Any CPU = Release|Any CPU
	EndGlobalSection
	GlobalSection(ProjectConfigurationPlatforms) = postSolution
		{26D843F1-4352-46F2-A711-6BEF90369CD4}.Debug|Any CPU.ActiveCfg = Debug|Any CPU
		{26D843F1-4352-46F2-A711-6BEF90369CD4}.Debug|Any CPU.Build.0 = Debug|Any CPU
		{26D843F1-4352-46F2-A711-6BEF90369CD4}.Release|Any CPU.ActiveCfg = Release|Any CPU
		{26D843F1-4352-46F2-A711-6BEF90369CD4}.Release|Any CPU.Build.0 = Release|Any CPU
		{9048BA89-A959-4D2D-BEB0-6DD4EB68A24F}.Debug|Any CPU.ActiveCfg = Debug|Any CPU
		{9048BA89-A959-4D2D-BEB0-6DD4EB68A24F}.Debug|Any CPU.Build.0 = Debug|Any CPU
		{9048BA89-A959-4D2D-BEB0-6DD4EB68A24F}.Release|Any CPU.ActiveCfg = Release|Any CPU
		{9048BA89-A959-4D2D-BEB0-6DD4EB68A24F}.Release|Any CPU.Build.0 = Release|Any CPU
		{6D9B4E60-5B8E-42E7-A635-CCBA604F6E4A}.Debug|Any CPU.ActiveCfg = Debug|Any CPU
		{6D9B4E60-5B8E-42E7-A635-CCBA604F6E4A}.Debug|Any CPU.Build.0 = Debug|Any CPU
		{6D9B4E60-5B8E-42E7-A635-CCBA604F6E4A}.Release|Any CPU.ActiveCfg = Release|Any CPU
		{6D9B4E60-5B8E-42E7-A635-CCBA604F6E4A}.Release|Any CPU.Build.0 = Release|Any CPU
		{72E7F4E0-353A-47DD-8D51-65326414D4C5}.Debug|Any CPU.ActiveCfg = Debug|Any CPU
		{72E7F4E0-353A-47DD-8D51-65326414D4C5}.Debug|Any CPU.Build.0 = Debug|Any CPU
		{72E7F4E0-353A-47DD-8D51-65326414D4C5}.Release|Any CPU.ActiveCfg = Release|Any CPU
		{72E7F4E0-353A-47DD-8D51-65326414D4C5}.Release|Any CPU.Build.0 = Release|Any CPU
	EndGlobalSection
	GlobalSection(SolutionProperties) = preSolution
		HideSolutionNode = FALSE
	EndGlobalSection
	GlobalSection(ExtensibilityGlobals) = postSolution
		SolutionGuid = {90CEE250-6357-4840-A02C-318DF5F0C127}
	EndGlobalSection
EndGlobal
